
Microsoft Visual Studio Solution File, Format Version 12.00
# Visual Studio Version 16
VisualStudioVersion = 16.0.31515.178
MinimumVisualStudioVersion = 10.0.40219.1
Project("{FAE04EC0-301F-11D3-BF4B-00C04F79EFBC}") = "FuncionariosAPIService", "FuncionariosAPIService\FuncionariosAPIService.csproj", "{02BD9574-21C2-46B2-A09A-C8A62AB77763}"
EndProject
Project("{FAE04EC0-301F-11D3-BF4B-00C04F79EFBC}") = "UnitTestFuncionarioAPIService", "UnitTestFuncionarioAPIService\UnitTestFuncionarioAPIService.csproj", "{2675B317-82A5-4C51-8405-1A0BD24BC487}"
EndProject
Global
	GlobalSection(SolutionConfigurationPlatforms) = preSolution
		Debug|Any CPU = Debug|Any CPU
		Release|Any CPU = Release|Any CPU
	EndGlobalSection
	GlobalSection(ProjectConfigurationPlatforms) = postSolution
		{02BD9574-21C2-46B2-A09A-C8A62AB77763}.Debug|Any CPU.ActiveCfg = Debug|Any CPU
		{02BD9574-21C2-46B2-A09A-C8A62AB77763}.Debug|Any CPU.Build.0 = Debug|Any CPU
		{02BD9574-21C2-46B2-A09A-C8A62AB77763}.Release|Any CPU.ActiveCfg = Release|Any CPU
		{02BD9574-21C2-46B2-A09A-C8A62AB77763}.Release|Any CPU.Build.0 = Release|Any CPU
		{2675B317-82A5-4C51-8405-1A0BD24BC487}.Debug|Any CPU.ActiveCfg = Debug|Any CPU
		{2675B317-82A5-4C51-8405-1A0BD24BC487}.Debug|Any CPU.Build.0 = Debug|Any CPU
		{2675B317-82A5-4C51-8405-1A0BD24BC487}.Release|Any CPU.ActiveCfg = Release|Any CPU
		{2675B317-82A5-4C51-8405-1A0BD24BC487}.Release|Any CPU.Build.0 = Release|Any CPU
	EndGlobalSection
	GlobalSection(SolutionProperties) = preSolution
		HideSolutionNode = FALSE
	EndGlobalSection
	GlobalSection(ExtensibilityGlobals) = postSolution
		SolutionGuid = {E0828D19-6FA2-4A0C-BC3E-2F49462DC712}
	EndGlobalSection
EndGlobal
